
Microsoft Visual Studio Solution File, Format Version 12.00
# Visual Studio 15
VisualStudioVersion = 15.0.27130.2026
MinimumVisualStudioVersion = 10.0.40219.1
Project("{9A19103F-16F7-4668-BE54-9A1E7A4F7556}") = "AspNetPerformanceMetrics", "AspNetPerformanceMetrics\AspNetPerformanceMetrics.csproj", "{64999ABA-1304-4CD8-B041-BCF46DD97C02}"
EndProject
Project("{FAE04EC0-301F-11D3-BF4B-00C04F79EFBC}") = "AspNetPerformanceMetrics.Mvc", "AspNetPerformanceMetrics.Mvc\AspNetPerformanceMetrics.Mvc.csproj", "{04EA73DA-B0AA-4C06-B82E-B9F40B3510C3}"
EndProject
Project("{FAE04EC0-301F-11D3-BF4B-00C04F79EFBC}") = "AspNetPerformanceMetrics.WebApi", "AspNetPerformanceMetrics.WebApi\AspNetPerformanceMetrics.WebApi.csproj", "{3A4A1554-AED6-40CF-A570-1670370FE432}"
EndProject
Global
	GlobalSection(SolutionConfigurationPlatforms) = preSolution
		Debug|Any CPU = Debug|Any CPU
		Release|Any CPU = Release|Any CPU
	EndGlobalSection
	GlobalSection(ProjectConfigurationPlatforms) = postSolution
		{64999ABA-1304-4CD8-B041-BCF46DD97C02}.Debug|Any CPU.ActiveCfg = Debug|Any CPU
		{64999ABA-1304-4CD8-B041-BCF46DD97C02}.Debug|Any CPU.Build.0 = Debug|Any CPU
		{64999ABA-1304-4CD8-B041-BCF46DD97C02}.Release|Any CPU.ActiveCfg = Release|Any CPU
		{64999ABA-1304-4CD8-B041-BCF46DD97C02}.Release|Any CPU.Build.0 = Release|Any CPU
		{04EA73DA-B0AA-4C06-B82E-B9F40B3510C3}.Debug|Any CPU.ActiveCfg = Debug|Any CPU
		{04EA73DA-B0AA-4C06-B82E-B9F40B3510C3}.Debug|Any CPU.Build.0 = Debug|Any CPU
		{04EA73DA-B0AA-4C06-B82E-B9F40B3510C3}.Release|Any CPU.ActiveCfg = Release|Any CPU
		{04EA73DA-B0AA-4C06-B82E-B9F40B3510C3}.Release|Any CPU.Build.0 = Release|Any CPU
		{3A4A1554-AED6-40CF-A570-1670370FE432}.Debug|Any CPU.ActiveCfg = Debug|Any CPU
		{3A4A1554-AED6-40CF-A570-1670370FE432}.Debug|Any CPU.Build.0 = Debug|Any CPU
		{3A4A1554-AED6-40CF-A570-1670370FE432}.Release|Any CPU.ActiveCfg = Release|Any CPU
		{3A4A1554-AED6-40CF-A570-1670370FE432}.Release|Any CPU.Build.0 = Release|Any CPU
	EndGlobalSection
	GlobalSection(SolutionProperties) = preSolution
		HideSolutionNode = FALSE
	EndGlobalSection
	GlobalSection(ExtensibilityGlobals) = postSolution
		SolutionGuid = {D78B8815-B242-480F-A563-01E9DBAA7B44}
	EndGlobalSection
EndGlobal
